// !$*UTF8*$!
{
	archiveVersion = 1;
	classes = {
	};
	objectVersion = 46;
	objects = {

/* Begin PBXBuildFile section */
		E47249401BDF15C800493301 /* main.m in Sources */ = {isa = PBXBuildFile; fileRef = E472493F1BDF15C800493301 /* main.m */; };
		E47249431BDF15C800493301 /* AppDelegate.m in Sources */ = {isa = PBXBuildFile; fileRef = E47249421BDF15C800493301 /* AppDelegate.m */; };
		E47249461BDF15C800493301 /* ViewController.m in Sources */ = {isa = PBXBuildFile; fileRef = E47249451BDF15C800493301 /* ViewController.m */; };
		E47249491BDF15C800493301 /* Main.storyboard in Resources */ = {isa = PBXBuildFile; fileRef = E47249471BDF15C800493301 /* Main.storyboard */; };
		E472494B1BDF15C800493301 /* Images.xcassets in Resources */ = {isa = PBXBuildFile; fileRef = E472494A1BDF15C800493301 /* Images.xcassets */; };
		E472494E1BDF15C800493301 /* LaunchScreen.xib in Resources */ = {isa = PBXBuildFile; fileRef = E472494C1BDF15C800493301 /* LaunchScreen.xib */; };
		E472495A1BDF15C800493301 /* vwutilsTests.m in Sources */ = {isa = PBXBuildFile; fileRef = E47249591BDF15C800493301 /* vwutilsTests.m */; };
/* End PBXBuildFile section */

/* Begin PBXContainerItemProxy section */
		E47249541BDF15C800493301 /* PBXContainerItemProxy */ = {
			isa = PBXContainerItemProxy;
			containerPortal = E47249321BDF15C800493301 /* Project object */;
			proxyType = 1;
			remoteGlobalIDString = E47249391BDF15C800493301;
			remoteInfo = vwutils;
		};
/* End PBXContainerItemProxy section */

/* Begin PBXFileReference section */
		E472493A1BDF15C800493301 /* vwutils.app */ = {isa = PBXFileReference; explicitFileType = wrapper.application; includeInIndex = 0; path = vwutils.app; sourceTree = BUILT_PRODUCTS_DIR; };
		E472493E1BDF15C800493301 /* Info.plist */ = {isa = PBXFileReference; lastKnownFileType = text.plist.xml; path = Info.plist; sourceTree = "<group>"; };
		E472493F1BDF15C800493301 /* main.m */ = {isa = PBXFileReference; lastKnownFileType = sourcecode.c.objc; path = main.m; sourceTree = "<group>"; };
		E47249411BDF15C800493301 /* AppDelegate.h */ = {isa = PBXFileReference; lastKnownFileType = sourcecode.c.h; path = AppDelegate.h; sourceTree = "<group>"; };
		E47249421BDF15C800493301 /* AppDelegate.m */ = {isa = PBXFileReference; lastKnownFileType = sourcecode.c.objc; path = AppDelegate.m; sourceTree = "<group>"; };
		E47249441BDF15C800493301 /* ViewController.h */ = {isa = PBXFileReference; lastKnownFileType = sourcecode.c.h; path = ViewController.h; sourceTree = "<group>"; };
		E47249451BDF15C800493301 /* ViewController.m */ = {isa = PBXFileReference; lastKnownFileType = sourcecode.c.objc; path = ViewController.m; sourceTree = "<group>"; };
		E47249481BDF15C800493301 /* Base */ = {isa = PBXFileReference; lastKnownFileType = file.storyboard; name = Base; path = Base.lproj/Main.storyboard; sourceTree = "<group>"; };
		E472494A1BDF15C800493301 /* Images.xcassets */ = {isa = PBXFileReference; lastKnownFileType = folder.assetcatalog; path = Images.xcassets; sourceTree = "<group>"; };
		E472494D1BDF15C800493301 /* Base */ = {isa = PBXFileReference; lastKnownFileType = file.xib; name = Base; path = Base.lproj/LaunchScreen.xib; sourceTree = "<group>"; };
		E47249531BDF15C800493301 /* vwutilsTests.xctest */ = {isa = PBXFileReference; explicitFileType = wrapper.cfbundle; includeInIndex = 0; path = vwutilsTests.xctest; sourceTree = BUILT_PRODUCTS_DIR; };
		E47249581BDF15C800493301 /* Info.plist */ = {isa = PBXFileReference; lastKnownFileType = text.plist.xml; path = Info.plist; sourceTree = "<group>"; };
		E47249591BDF15C800493301 /* vwutilsTests.m */ = {isa = PBXFileReference; lastKnownFileType = sourcecode.c.objc; path = vwutilsTests.m; sourceTree = "<group>"; };
/* End PBXFileReference section */

/* Begin PBXFrameworksBuildPhase section */
		E47249371BDF15C800493301 /* Frameworks */ = {
			isa = PBXFrameworksBuildPhase;
			buildActionMask = 2147483647;
			files = (
			);
			runOnlyForDeploymentPostprocessing = 0;
		};
		E47249501BDF15C800493301 /* Frameworks */ = {
			isa = PBXFrameworksBuildPhase;
			buildActionMask = 2147483647;
			files = (
			);
			runOnlyForDeploymentPostprocessing = 0;
		};
/* End PBXFrameworksBuildPhase section */

/* Begin PBXGroup section */
		E47249311BDF15C800493301 = {
			isa = PBXGroup;
			children = (
				E472493C1BDF15C800493301 /* vwutils */,
				E47249561BDF15C800493301 /* vwutilsTests */,
				E472493B1BDF15C800493301 /* Products */,
			);
			sourceTree = "<group>";
		};
		E472493B1BDF15C800493301 /* Products */ = {
			isa = PBXGroup;
			children = (
				E472493A1BDF15C800493301 /* vwutils.app */,
				E47249531BDF15C800493301 /* vwutilsTests.xctest */,
			);
			name = Products;
			sourceTree = "<group>";
		};
		E472493C1BDF15C800493301 /* vwutils */ = {
			isa = PBXGroup;
			children = (
				E47249411BDF15C800493301 /* AppDelegate.h */,
				E47249421BDF15C800493301 /* AppDelegate.m */,
				E47249441BDF15C800493301 /* ViewController.h */,
				E47249451BDF15C800493301 /* ViewController.m */,
				E47249471BDF15C800493301 /* Main.storyboard */,
				E472494A1BDF15C800493301 /* Images.xcassets */,
				E472494C1BDF15C800493301 /* LaunchScreen.xib */,
				E472493D1BDF15C800493301 /* Supporting Files */,
			);
			path = vwutils;
			sourceTree = "<group>";
		};
		E472493D1BDF15C800493301 /* Supporting Files */ = {
			isa = PBXGroup;
			children = (
				E472493E1BDF15C800493301 /* Info.plist */,
				E472493F1BDF15C800493301 /* main.m */,
			);
			name = "Supporting Files";
			sourceTree = "<group>";
		};
		E47249561BDF15C800493301 /* vwutilsTests */ = {
			isa = PBXGroup;
			children = (
				E47249591BDF15C800493301 /* vwutilsTests.m */,
				E47249571BDF15C800493301 /* Supporting Files */,
			);
			path = vwutilsTests;
			sourceTree = "<group>";
		};
		E47249571BDF15C800493301 /* Supporting Files */ = {
			isa = PBXGroup;
			children = (
				E47249581BDF15C800493301 /* Info.plist */,
			);
			name = "Supporting Files";
			sourceTree = "<group>";
		};
/* End PBXGroup section */

/* Begin PBXNativeTarget section */
		E47249391BDF15C800493301 /* vwutils */ = {
			isa = PBXNativeTarget;
			buildConfigurationList = E472495D1BDF15C800493301 /* Build configuration list for PBXNativeTarget "vwutils" */;
			buildPhases = (
				E47249361BDF15C800493301 /* Sources */,
				E47249371BDF15C800493301 /* Frameworks */,
				E47249381BDF15C800493301 /* Resources */,
			);
			buildRules = (
			);
			dependencies = (
			);
			name = vwutils;
			productName = vwutils;
			productReference = E472493A1BDF15C800493301 /* vwutils.app */;
			productType = "com.apple.product-type.application";
		};
		E47249521BDF15C800493301 /* vwutilsTests */ = {
			isa = PBXNativeTarget;
			buildConfigurationList = E47249601BDF15C800493301 /* Build configuration list for PBXNativeTarget "vwutilsTests" */;
			buildPhases = (
				E472494F1BDF15C800493301 /* Sources */,
				E47249501BDF15C800493301 /* Frameworks */,
				E47249511BDF15C800493301 /* Resources */,
			);
			buildRules = (
			);
			dependencies = (
				E47249551BDF15C800493301 /* PBXTargetDependency */,
			);
			name = vwutilsTests;
			productName = vwutilsTests;
			productReference = E47249531BDF15C800493301 /* vwutilsTests.xctest */;
			productType = "com.apple.product-type.bundle.unit-test";
		};
/* End PBXNativeTarget section */

/* Begin PBXProject section */
		E47249321BDF15C800493301 /* Project object */ = {
			isa = PBXProject;
			attributes = {
				LastUpgradeCheck = 0640;
				ORGANIZATIONNAME = sample;
				TargetAttributes = {
					E47249391BDF15C800493301 = {
						CreatedOnToolsVersion = 6.4;
					};
					E47249521BDF15C800493301 = {
						CreatedOnToolsVersion = 6.4;
						TestTargetID = E47249391BDF15C800493301;
					};
				};
			};
			buildConfigurationList = E47249351BDF15C800493301 /* Build configuration list for PBXProject "vwutils" */;
			compatibilityVersion = "Xcode 3.2";
			developmentRegion = English;
			hasScannedForEncodings = 0;
			knownRegions = (
				en,
				Base,
			);
			mainGroup = E47249311BDF15C800493301;
			productRefGroup = E472493B1BDF15C800493301 /* Products */;
			projectDirPath = "";
			projectRoot = "";
			targets = (
				E47249391BDF15C800493301 /* vwutils */,
				E47249521BDF15C800493301 /* vwutilsTests */,
			);
		};
/* End PBXProject section */

/* Begin PBXResourcesBuildPhase section */
		E47249381BDF15C800493301 /* Resources */ = {
			isa = PBXResourcesBuildPhase;
			buildActionMask = 2147483647;
			files = (
				E47249491BDF15C800493301 /* Main.storyboard in Resources */,
				E472494E1BDF15C800493301 /* LaunchScreen.xib in Resources */,
				E472494B1BDF15C800493301 /* Images.xcassets in Resources */,
			);
			runOnlyForDeploymentPostprocessing = 0;
		};
		E47249511BDF15C800493301 /* Resources */ = {
			isa = PBXResourcesBuildPhase;
			buildActionMask = 2147483647;
			files = (
			);
			runOnlyForDeploymentPostprocessing = 0;
		};
/* End PBXResourcesBuildPhase section */

/* Begin PBXSourcesBuildPhase section */
		E47249361BDF15C800493301 /* Sources */ = {
			isa = PBXSourcesBuildPhase;
			buildActionMask = 2147483647;
			files = (
				E47249461BDF15C800493301 /* ViewController.m in Sources */,
				E47249431BDF15C800493301 /* AppDelegate.m in Sources */,
				E47249401BDF15C800493301 /* main.m in Sources */,
			);
			runOnlyForDeploymentPostprocessing = 0;
		};
		E472494F1BDF15C800493301 /* Sources */ = {
			isa = PBXSourcesBuildPhase;
			buildActionMask = 2147483647;
			files = (
				E472495A1BDF15C800493301 /* vwutilsTests.m in Sources */,
			);
			runOnlyForDeploymentPostprocessing = 0;
		};
/* End PBXSourcesBuildPhase section */

/* Begin PBXTargetDependency section */
		E47249551BDF15C800493301 /* PBXTargetDependency */ = {
			isa = PBXTargetDependency;
			target = E47249391BDF15C800493301 /* vwutils */;
			targetProxy = E47249541BDF15C800493301 /* PBXContainerItemProxy */;
		};
/* End PBXTargetDependency section */

/* Begin PBXVariantGroup section */
		E47249471BDF15C800493301 /* Main.storyboard */ = {
			isa = PBXVariantGroup;
			children = (
				E47249481BDF15C800493301 /* Base */,
			);
			name = Main.storyboard;
			sourceTree = "<group>";
		};
		E472494C1BDF15C800493301 /* LaunchScreen.xib */ = {
			isa = PBXVariantGroup;
			children = (
				E472494D1BDF15C800493301 /* Base */,
			);
			name = LaunchScreen.xib;
			sourceTree = "<group>";
		};
/* End PBXVariantGroup section */

/* Begin XCBuildConfiguration section */
		E472495B1BDF15C800493301 /* Debug */ = {
			isa = XCBuildConfiguration;
			buildSettings = {
				ALWAYS_SEARCH_USER_PATHS = NO;
				CLANG_CXX_LANGUAGE_STANDARD = "gnu++0x";
				CLANG_CXX_LIBRARY = "libc++";
				CLANG_ENABLE_MODULES = YES;
				CLANG_ENABLE_OBJC_ARC = YES;
				CLANG_WARN_BOOL_CONVERSION = YES;
				CLANG_WARN_CONSTANT_CONVERSION = YES;
				CLANG_WARN_DIRECT_OBJC_ISA_USAGE = YES_ERROR;
				CLANG_WARN_EMPTY_BODY = YES;
				CLANG_WARN_ENUM_CONVERSION = YES;
				CLANG_WARN_INT_CONVERSION = YES;
				CLANG_WARN_OBJC_ROOT_CLASS = YES_ERROR;
				CLANG_WARN_UNREACHABLE_CODE = YES;
				CLANG_WARN__DUPLICATE_METHOD_MATCH = YES;
				"CODE_SIGN_IDENTITY[sdk=iphoneos*]" = "iPhone Developer";
				COPY_PHASE_STRIP = NO;
				DEBUG_INFORMATION_FORMAT = "dwarf-with-dsym";
				ENABLE_STRICT_OBJC_MSGSEND = YES;
				GCC_C_LANGUAGE_STANDARD = gnu99;
				GCC_DYNAMIC_NO_PIC = NO;
				GCC_NO_COMMON_BLOCKS = YES;
				GCC_OPTIMIZATION_LEVEL = 0;
				GCC_PREPROCESSOR_DEFINITIONS = (
					"DEBUG=1",
					"$(inherited)",
				);
				GCC_SYMBOLS_PRIVATE_EXTERN = NO;
				GCC_WARN_64_TO_32_BIT_CONVERSION = YES;
				GCC_WARN_ABOUT_RETURN_TYPE = YES_ERROR;
				GCC_WARN_UNDECLARED_SELECTOR = YES;
				GCC_WARN_UNINITIALIZED_AUTOS = YES_AGGRESSIVE;
				GCC_WARN_UNUSED_FUNCTION = YES;
				GCC_WARN_UNUSED_VARIABLE = YES;
				IPHONEOS_DEPLOYMENT_TARGET = 8.4;
				MTL_ENABLE_DEBUG_INFO = YES;
				ONLY_ACTIVE_ARCH = YES;
				SDKROOT = iphoneos;
			};
			name = Debug;
		};
		E472495C1BDF15C800493301 /* Release */ = {
			isa = XCBuildConfiguration;
			buildSettings = {
				ALWAYS_SEARCH_USER_PATHS = NO;
				CLANG_CXX_LANGUAGE_STANDARD = "gnu++0x";
				CLANG_CXX_LIBRARY = "libc++";
				CLANG_ENABLE_MODULES = YES;
				CLANG_ENABLE_OBJC_ARC = YES;
				CLANG_WARN_BOOL_CONVERSION = YES;
				CLANG_WARN_CONSTANT_CONVERSION = YES;
				CLANG_WARN_DIRECT_OBJC_ISA_USAGE = YES_ERROR;
				CLANG_WARN_EMPTY_BODY = YES;
				CLANG_WARN_ENUM_CONVERSION = YES;
				CLANG_WARN_INT_CONVERSION = YES;
				CLANG_WARN_OBJC_ROOT_CLASS = YES_ERROR;
				CLANG_WARN_UNREACHABLE_CODE = YES;
				CLANG_WARN__DUPLICATE_METHOD_MATCH = YES;
				"CODE_SIGN_IDENTITY[sdk=iphoneos*]" = "iPhone Developer";
				COPY_PHASE_STRIP = NO;
				DEBUG_INFORMATION_FORMAT = "dwarf-with-dsym";
				ENABLE_NS_ASSERTIONS = NO;
				ENABLE_STRICT_OBJC_MSGSEND = YES;
				GCC_C_LANGUAGE_STANDARD = gnu99;
				GCC_NO_COMMON_BLOCKS = YES;
				GCC_WARN_64_TO_32_BIT_CONVERSION = YES;
				GCC_WARN_ABOUT_RETURN_TYPE = YES_ERROR;
				GCC_WARN_UNDECLARED_SELECTOR = YES;
				GCC_WARN_UNINITIALIZED_AUTOS = YES_AGGRESSIVE;
				GCC_WARN_UNUSED_FUNCTION = YES;
				GCC_WARN_UNUSED_VARIABLE = YES;
				IPHONEOS_DEPLOYMENT_TARGET = 8.4;
				MTL_ENABLE_DEBUG_INFO = NO;
				SDKROOT = iphoneos;
				VALIDATE_PRODUCT = YES;
			};
			name = Release;
		};
		E472495E1BDF15C800493301 /* Debug */ = {
			isa = XCBuildConfiguration;
			buildSettings = {
				ASSETCATALOG_COMPILER_APPICON_NAME = AppIcon;
				INFOPLIST_FILE = vwutils/Info.plist;
				LD_RUNPATH_SEARCH_PATHS = "$(inherited) @executable_path/Frameworks";
				PRODUCT_NAME = "$(TARGET_NAME)";
			};
			name = Debug;
		};
		E472495F1BDF15C800493301 /* Release */ = {
			isa = XCBuildConfiguration;
			buildSettings = {
				ASSETCATALOG_COMPILER_APPICON_NAME = AppIcon;
				INFOPLIST_FILE = vwutils/Info.plist;
				LD_RUNPATH_SEARCH_PATHS = "$(inherited) @executable_path/Frameworks";
				PRODUCT_NAME = "$(TARGET_NAME)";
			};
			name = Release;
		};
		E47249611BDF15C800493301 /* Debug */ = {
			isa = XCBuildConfiguration;
			buildSettings = {
				BUNDLE_LOADER = "$(TEST_HOST)";
				FRAMEWORK_SEARCH_PATHS = (
					"$(SDKROOT)/Developer/Library/Frameworks",
					"$(inherited)",
				);
				GCC_PREPROCESSOR_DEFINITIONS = (
					"DEBUG=1",
					"$(inherited)",
				);
				INFOPLIST_FILE = vwutilsTests/Info.plist;
				LD_RUNPATH_SEARCH_PATHS = "$(inherited) @executable_path/Frameworks @loader_path/Frameworks";
				PRODUCT_NAME = "$(TARGET_NAME)";
				TEST_HOST = "$(BUILT_PRODUCTS_DIR)/vwutils.app/vwutils";
			};
			name = Debug;
		};
		E47249621BDF15C800493301 /* Release */ = {
			isa = XCBuildConfiguration;
			buildSettings = {
				BUNDLE_LOADER = "$(TEST_HOST)";
				FRAMEWORK_SEARCH_PATHS = (
					"$(SDKROOT)/Developer/Library/Frameworks",
					"$(inherited)",
				);
				INFOPLIST_FILE = vwutilsTests/Info.plist;
				LD_RUNPATH_SEARCH_PATHS = "$(inherited) @executable_path/Frameworks @loader_path/Frameworks";
				PRODUCT_NAME = "$(TARGET_NAME)";
				TEST_HOST = "$(BUILT_PRODUCTS_DIR)/vwutils.app/vwutils";
			};
			name = Release;
		};
/* End XCBuildConfiguration section */

/* Begin XCConfigurationList section */
		E47249351BDF15C800493301 /* Build configuration list for PBXProject "vwutils" */ = {
			isa = XCConfigurationList;
			buildConfigurations = (
				E472495B1BDF15C800493301 /* Debug */,
				E472495C1BDF15C800493301 /* Release */,
			);
			defaultConfigurationIsVisible = 0;
			defaultConfigurationName = Release;
		};
		E472495D1BDF15C800493301 /* Build configuration list for PBXNativeTarget "vwutils" */ = {
			isa = XCConfigurationList;
			buildConfigurations = (
				E472495E1BDF15C800493301 /* Debug */,
				E472495F1BDF15C800493301 /* Release */,
			);
			defaultConfigurationIsVisible = 0;
		};
		E47249601BDF15C800493301 /* Build configuration list for PBXNativeTarget "vwutilsTests" */ = {
			isa = XCConfigurationList;
			buildConfigurations = (
				E47249611BDF15C800493301 /* Debug */,
				E47249621BDF15C800493301 /* Release */,
			);
			defaultConfigurationIsVisible = 0;
		};
/* End XCConfigurationList section */
	};
	rootObject = E47249321BDF15C800493301 /* Project object */;
}
